
Microsoft Visual Studio Solution File, Format Version 12.00
# Visual Studio 2015
Project("{FAE04EC0-301F-11D3-BF4B-00C04F79EFBC}") = "UnityNestedPrefabTest.CSharp", "UnityNestedPrefabTest.CSharp.csproj", "{A555DFCF-9D84-6EFE-0F09-93D84F2FFADF}"
EndProject
Global
	GlobalSection(SolutionConfigurationPlatforms) = preSolution
		Debug|Any CPU = Debug|Any CPU
		Release|Any CPU = Release|Any CPU
	EndGlobalSection
	GlobalSection(ProjectConfigurationPlatforms) = postSolution
		{A555DFCF-9D84-6EFE-0F09-93D84F2FFADF}.Debug|Any CPU.ActiveCfg = Debug|Any CPU
		{A555DFCF-9D84-6EFE-0F09-93D84F2FFADF}.Debug|Any CPU.Build.0 = Debug|Any CPU
		{A555DFCF-9D84-6EFE-0F09-93D84F2FFADF}.Release|Any CPU.ActiveCfg = Release|Any CPU
		{A555DFCF-9D84-6EFE-0F09-93D84F2FFADF}.Release|Any CPU.Build.0 = Release|Any CPU
	EndGlobalSection
	GlobalSection(SolutionProperties) = preSolution
		HideSolutionNode = FALSE
	EndGlobalSection
EndGlobal
